# This file is automatically @generated by Cargo.
# It is not intended for manual editing.
version = 4

[[package]]
name = "phx"
version = "0.1.0"
dependencies = [
 "phx-cli",
]

[[package]]
name = "phx-bytecode"
version = "0.1.0"
dependencies = [
 "phx-vm",
]

[[package]]
name = "phx-cli"
version = "0.1.0"
dependencies = [
 "phx-bytecode",
 "phx-compiler",
 "phx-diagnostics",
 "phx-vm",
]

[[package]]
name = "phx-compiler"
version = "0.1.0"
dependencies = [
 "phx-bytecode",
 "phx-diagnostics",
 "phx-syntax",
]

[[package]]
name = "phx-diagnostics"
version = "0.1.0"

[[package]]
name = "phx-integration-tests"
version = "0.1.0"
dependencies = [
 "phx-bytecode",
 "phx-compiler",
 "phx-diagnostics",
 "phx-test",
 "phx-vm",
]

[[package]]
name = "phx-syntax"
version = "0.1.0"
dependencies = [
 "phx-diagnostics",
]

[[package]]
name = "phx-test"
version = "0.1.0"
dependencies = [
 "phx-bytecode",
 "phx-compiler",
 "phx-diagnostics",
 "phx-syntax",
 "phx-vm",
]

[[package]]
name = "phx-vm"
version = "0.1.0"
dependencies = [
 "phx-bytecode",
 "phx-diagnostics",
]
